// !$*UTF8*$!
{
	archiveVersion = 1;
	classes = {
	};
	objectVersion = 56;
	objects = {

/* Begin PBXBuildFile section */
		0B6E8B0F2B6A9D0600455CB3 /* Sweat_SocialApp.swift in Sources */ = {isa = PBXBuildFile; fileRef = 0B6E8B0E2B6A9D0600455CB3 /* Sweat_SocialApp.swift */; };
		0B6E8B112B6A9D0600455CB3 /* ContentView.swift in Sources */ = {isa = PBXBuildFile; fileRef = 0B6E8B102B6A9D0600455CB3 /* ContentView.swift */; };
		0B6E8B132B6A9D0800455CB3 /* Assets.xcassets in Resources */ = {isa = PBXBuildFile; fileRef = 0B6E8B122B6A9D0800455CB3 /* Assets.xcassets */; };
		0B6E8B162B6A9D0800455CB3 /* Preview Assets.xcassets in Resources */ = {isa = PBXBuildFile; fileRef = 0B6E8B152B6A9D0800455CB3 /* Preview Assets.xcassets */; };
		0B6E8B202B6A9D0800455CB3 /* Sweat_SocialTests.swift in Sources */ = {isa = PBXBuildFile; fileRef = 0B6E8B1F2B6A9D0800455CB3 /* Sweat_SocialTests.swift */; };
		0B6E8B2A2B6A9D0800455CB3 /* Sweat_SocialUITests.swift in Sources */ = {isa = PBXBuildFile; fileRef = 0B6E8B292B6A9D0800455CB3 /* Sweat_SocialUITests.swift */; };
		0B6E8B2C2B6A9D0800455CB3 /* Sweat_SocialUITestsLaunchTests.swift in Sources */ = {isa = PBXBuildFile; fileRef = 0B6E8B2B2B6A9D0800455CB3 /* Sweat_SocialUITestsLaunchTests.swift */; };
		0BE9245F2B7D828F006F65F4 /* References in Resources */ = {isa = PBXBuildFile; fileRef = 0BE9245E2B7D828F006F65F4 /* References */; };
		0BE924612B7D8A23006F65F4 /* TabBarView.swift in Sources */ = {isa = PBXBuildFile; fileRef = 0BE924602B7D8A23006F65F4 /* TabBarView.swift */; };
		0BFE3C142B8BD7DD00689AA0 /* ActivityTabView.swift in Sources */ = {isa = PBXBuildFile; fileRef = 0BFE3C132B8BD7DD00689AA0 /* ActivityTabView.swift */; };
		0BFE3C162B8BDECA00689AA0 /* ActivityViewModel.swift in Sources */ = {isa = PBXBuildFile; fileRef = 0BFE3C152B8BDECA00689AA0 /* ActivityViewModel.swift */; };
		C503B6CA2BBEE9A10069C6C6 /* LogWorkoutFormView.swift in Sources */ = {isa = PBXBuildFile; fileRef = C503B6C92BBEE9A10069C6C6 /* LogWorkoutFormView.swift */; };
		C503B6CC2BBEF59E0069C6C6 /* FormRoundedRectangleView.swift in Sources */ = {isa = PBXBuildFile; fileRef = C503B6CB2BBEF59E0069C6C6 /* FormRoundedRectangleView.swift */; };
		C507850C2B90DB5F00555C57 /* Protocol.swift in Sources */ = {isa = PBXBuildFile; fileRef = C507850B2B90DB5F00555C57 /* Protocol.swift */; };
		C50785102B90E61500555C57 /* FirebaseAuthService.swift in Sources */ = {isa = PBXBuildFile; fileRef = C507850F2B90E61400555C57 /* FirebaseAuthService.swift */; };
		C50785122B90F58500555C57 /* RegisterTests.swift in Sources */ = {isa = PBXBuildFile; fileRef = C50785112B90F58400555C57 /* RegisterTests.swift */; };
		C50CA40D2B795FFB00AEACCA /* AuthHeaderView.swift in Sources */ = {isa = PBXBuildFile; fileRef = C50CA40C2B795FFB00AEACCA /* AuthHeaderView.swift */; };
		C50F11182B7AFEC80025FB0E /* AuthViewModel.swift in Sources */ = {isa = PBXBuildFile; fileRef = C50F11172B7AFEC80025FB0E /* AuthViewModel.swift */; };
		C526F8852BBDC0A4008E1606 /* SplitsFormView.swift in Sources */ = {isa = PBXBuildFile; fileRef = C526F8842BBDC0A4008E1606 /* SplitsFormView.swift */; };
		C526F8872BBDC36B008E1606 /* FormTemplateView.swift in Sources */ = {isa = PBXBuildFile; fileRef = C526F8862BBDC368008E1606 /* FormTemplateView.swift */; };
		C527F1BF2B89235A00D0934F /* WorkoutLogView.swift in Sources */ = {isa = PBXBuildFile; fileRef = C527F1BE2B89235A00D0934F /* WorkoutLogView.swift */; };
		C527F1C12B89247B00D0934F /* WorkoutLogViewModel.swift in Sources */ = {isa = PBXBuildFile; fileRef = C527F1C02B89247B00D0934F /* WorkoutLogViewModel.swift */; };
		C528A2342B76B75B00346B27 /* FirebaseAuth in Frameworks */ = {isa = PBXBuildFile; productRef = C528A2332B76B75B00346B27 /* FirebaseAuth */; };
		C528A2362B76B75B00346B27 /* FirebaseFirestore in Frameworks */ = {isa = PBXBuildFile; productRef = C528A2352B76B75B00346B27 /* FirebaseFirestore */; };
		C528A23C2B76B9E900346B27 /* User.swift in Sources */ = {isa = PBXBuildFile; fileRef = C528A23B2B76B9E900346B27 /* User.swift */; };
		C531534D2BB1C73000604987 /* WorkoutViewManagerViewModel.swift in Sources */ = {isa = PBXBuildFile; fileRef = C531534C2BB1C73000604987 /* WorkoutViewManagerViewModel.swift */; };
		C531FD392B8BD7C3005CE16C /* Workout.swift in Sources */ = {isa = PBXBuildFile; fileRef = C531FD382B8BD7C3005CE16C /* Workout.swift */; };
		C531FD3B2B8BFCC0005CE16C /* WorkoutGroupButtonView.swift in Sources */ = {isa = PBXBuildFile; fileRef = C531FD3A2B8BFCC0005CE16C /* WorkoutGroupButtonView.swift */; };
		C5329ACC2B96731F00D8ED3D /* Errors.swift in Sources */ = {isa = PBXBuildFile; fileRef = C5329ACB2B96731F00D8ED3D /* Errors.swift */; };
		C532A8222BAF8C3B00E672B4 /* ExcerciseLogView.swift in Sources */ = {isa = PBXBuildFile; fileRef = C532A8212BAF8C3A00E672B4 /* ExcerciseLogView.swift */; };
		C532A8242BAF8F0100E672B4 /* ExcerciseLogViewModel.swift in Sources */ = {isa = PBXBuildFile; fileRef = C532A8232BAF8F0100E672B4 /* ExcerciseLogViewModel.swift */; };
		C532A8262BAF99BF00E672B4 /* ExcerciseButtonView.swift in Sources */ = {isa = PBXBuildFile; fileRef = C532A8252BAF99BF00E672B4 /* ExcerciseButtonView.swift */; };
		C532B4122BC7069F00D69525 /* WeeklyCalendar in Frameworks */ = {isa = PBXBuildFile; productRef = C532B4112BC7069F00D69525 /* WeeklyCalendar */; };
		C532B4142BC7071000D69525 /* Util.swift in Sources */ = {isa = PBXBuildFile; fileRef = C532B4132BC7071000D69525 /* Util.swift */; };
		C532B4162BC70AA000D69525 /* CalendarView.swift in Sources */ = {isa = PBXBuildFile; fileRef = C532B4152BC70AA000D69525 /* CalendarView.swift */; };
		C532B4192BC70ABB00D69525 /* CalendarHeaderView.swift in Sources */ = {isa = PBXBuildFile; fileRef = C532B4182BC70ABB00D69525 /* CalendarHeaderView.swift */; };
		C5344EEF2BB30A3A00DF4936 /* DeleteConfirmationView.swift in Sources */ = {isa = PBXBuildFile; fileRef = C5344EEE2BB30A3A00DF4936 /* DeleteConfirmationView.swift */; };
		C536A1EB2B7D0D8C00079DCC /* RegisterView.swift in Sources */ = {isa = PBXBuildFile; fileRef = C536A1EA2B7D0D8C00079DCC /* RegisterView.swift */; };
		C536A1ED2B7D0E9F00079DCC /* RegisterViewModel.swift in Sources */ = {isa = PBXBuildFile; fileRef = C536A1EC2B7D0E9F00079DCC /* RegisterViewModel.swift */; };
		C536A1F42B7D13D900079DCC /* AuthTextFieldView.swift in Sources */ = {isa = PBXBuildFile; fileRef = C536A1F32B7D13D900079DCC /* AuthTextFieldView.swift */; };
		C536A1F62B7D13E800079DCC /* AuthPasswordView.swift in Sources */ = {isa = PBXBuildFile; fileRef = C536A1F52B7D13E800079DCC /* AuthPasswordView.swift */; };
		C536A1F82B7D235B00079DCC /* AuthButtonView.swift in Sources */ = {isa = PBXBuildFile; fileRef = C536A1F72B7D235B00079DCC /* AuthButtonView.swift */; };
		C536A1FD2B7D2C4600079DCC /* Extensions.swift in Sources */ = {isa = PBXBuildFile; fileRef = C536A1FC2B7D2C4600079DCC /* Extensions.swift */; };
		C538E5132B8FE5400035FC15 /* LoginTests.swift in Sources */ = {isa = PBXBuildFile; fileRef = C538E5122B8FE5400035FC15 /* LoginTests.swift */; };
		C538E5172B8FF3470035FC15 /* Helper.swift in Sources */ = {isa = PBXBuildFile; fileRef = C538E5162B8FF3470035FC15 /* Helper.swift */; };
		C53935E72BA9D63D003228F9 /* SetsLogViewModel.swift in Sources */ = {isa = PBXBuildFile; fileRef = C53935E62BA9D63D003228F9 /* SetsLogViewModel.swift */; };
		C53935EB2BA9F3E4003228F9 /* SetButtonView.swift in Sources */ = {isa = PBXBuildFile; fileRef = C53935EA2BA9F3E4003228F9 /* SetButtonView.swift */; };
		C53A75C12B9BE14A008338B6 /* SetsLogView.swift in Sources */ = {isa = PBXBuildFile; fileRef = C53A75C02B9BE149008338B6 /* SetsLogView.swift */; };
		C53E53882BD164B500A7FE83 /* AuthSmartReqE2ETest.swift in Sources */ = {isa = PBXBuildFile; fileRef = C53E53872BD164B500A7FE83 /* AuthSmartReqE2ETest.swift */; };
		C53F5E732BBE3432007F4632 /* AddSplitView.swift in Sources */ = {isa = PBXBuildFile; fileRef = C53F5E722BBE3432007F4632 /* AddSplitView.swift */; };
		C54A04482B9789A4000ADCAD /* WorkoutHeaderView.swift in Sources */ = {isa = PBXBuildFile; fileRef = C54A04472B9789A3000ADCAD /* WorkoutHeaderView.swift */; };
		C54CFB152B96318800DBC93B /* FirebaseFirestoreService.swift in Sources */ = {isa = PBXBuildFile; fileRef = C54CFB142B96318800DBC93B /* FirebaseFirestoreService.swift */; };
		C54F8D8E2BB07EB300F3DF15 /* WorkoutViewManagerView.swift in Sources */ = {isa = PBXBuildFile; fileRef = C54F8D8D2BB07EB300F3DF15 /* WorkoutViewManagerView.swift */; };
		C550D8BB2BAA4B99004AB0C9 /* AddSetView.swift in Sources */ = {isa = PBXBuildFile; fileRef = C550D8BA2BAA4B99004AB0C9 /* AddSetView.swift */; };
		C5766A0A2B741B1800F898EA /* LoginViewModel.swift in Sources */ = {isa = PBXBuildFile; fileRef = C5766A092B741B1800F898EA /* LoginViewModel.swift */; };
		C5766A0E2B741EF400F898EA /* LoginView.swift in Sources */ = {isa = PBXBuildFile; fileRef = C5766A0D2B741EF400F898EA /* LoginView.swift */; };
		C5C5611E2B87D83200DBD76D /* GoogleService-Info.plist in Resources */ = {isa = PBXBuildFile; fileRef = C5C5611D2B87D83100DBD76D /* GoogleService-Info.plist */; };
		C5F38B2B2B8952D80033B5C6 /* AddWorkoutView.swift in Sources */ = {isa = PBXBuildFile; fileRef = C5F38B2A2B8952D80033B5C6 /* AddWorkoutView.swift */; };
		C5F64D122B84323300A0454D /* ci_pre_xcodebuild.sh in Resources */ = {isa = PBXBuildFile; fileRef = C5F64D112B84323300A0454D /* ci_pre_xcodebuild.sh */; };
		C8A5414E2B882056005AC444 /* GoalsView.swift in Sources */ = {isa = PBXBuildFile; fileRef = C8A5414D2B882056005AC444 /* GoalsView.swift */; };
/* End PBXBuildFile section */

/* Begin PBXContainerItemProxy section */
		0B6E8B1C2B6A9D0800455CB3 /* PBXContainerItemProxy */ = {
			isa = PBXContainerItemProxy;
			containerPortal = 0B6E8B032B6A9D0600455CB3 /* Project object */;
			proxyType = 1;
			remoteGlobalIDString = 0B6E8B0A2B6A9D0600455CB3;
			remoteInfo = "Sweat Social";
		};
		0B6E8B262B6A9D0800455CB3 /* PBXContainerItemProxy */ = {
			isa = PBXContainerItemProxy;
			containerPortal = 0B6E8B032B6A9D0600455CB3 /* Project object */;
			proxyType = 1;
			remoteGlobalIDString = 0B6E8B0A2B6A9D0600455CB3;
			remoteInfo = "Sweat Social";
		};
/* End PBXContainerItemProxy section */

/* Begin PBXFileReference section */
		0B6E8B0B2B6A9D0600455CB3 /* Sweat Social.app */ = {isa = PBXFileReference; explicitFileType = wrapper.application; includeInIndex = 0; path = "Sweat Social.app"; sourceTree = BUILT_PRODUCTS_DIR; };
		0B6E8B0E2B6A9D0600455CB3 /* Sweat_SocialApp.swift */ = {isa = PBXFileReference; lastKnownFileType = sourcecode.swift; path = Sweat_SocialApp.swift; sourceTree = "<group>"; };
		0B6E8B102B6A9D0600455CB3 /* ContentView.swift */ = {isa = PBXFileReference; lastKnownFileType = sourcecode.swift; path = ContentView.swift; sourceTree = "<group>"; };
		0B6E8B122B6A9D0800455CB3 /* Assets.xcassets */ = {isa = PBXFileReference; lastKnownFileType = folder.assetcatalog; path = Assets.xcassets; sourceTree = "<group>"; };
		0B6E8B152B6A9D0800455CB3 /* Preview Assets.xcassets */ = {isa = PBXFileReference; lastKnownFileType = folder.assetcatalog; path = "Preview Assets.xcassets"; sourceTree = "<group>"; };
		0B6E8B1B2B6A9D0800455CB3 /* Sweat SocialTests.xctest */ = {isa = PBXFileReference; explicitFileType = wrapper.cfbundle; includeInIndex = 0; path = "Sweat SocialTests.xctest"; sourceTree = BUILT_PRODUCTS_DIR; };
		0B6E8B1F2B6A9D0800455CB3 /* Sweat_SocialTests.swift */ = {isa = PBXFileReference; lastKnownFileType = sourcecode.swift; path = Sweat_SocialTests.swift; sourceTree = "<group>"; };
		0B6E8B252B6A9D0800455CB3 /* Sweat SocialUITests.xctest */ = {isa = PBXFileReference; explicitFileType = wrapper.cfbundle; includeInIndex = 0; path = "Sweat SocialUITests.xctest"; sourceTree = BUILT_PRODUCTS_DIR; };
		0B6E8B292B6A9D0800455CB3 /* Sweat_SocialUITests.swift */ = {isa = PBXFileReference; lastKnownFileType = sourcecode.swift; path = Sweat_SocialUITests.swift; sourceTree = "<group>"; };
		0B6E8B2B2B6A9D0800455CB3 /* Sweat_SocialUITestsLaunchTests.swift */ = {isa = PBXFileReference; lastKnownFileType = sourcecode.swift; path = Sweat_SocialUITestsLaunchTests.swift; sourceTree = "<group>"; };
		0B7D28302B6AAF6400066E36 /* Sweat-Social-Info.plist */ = {isa = PBXFileReference; lastKnownFileType = text.plist; path = "Sweat-Social-Info.plist"; sourceTree = SOURCE_ROOT; };
		0BE9245E2B7D828F006F65F4 /* References */ = {isa = PBXFileReference; lastKnownFileType = text; path = References; sourceTree = "<group>"; };
		0BE924602B7D8A23006F65F4 /* TabBarView.swift */ = {isa = PBXFileReference; lastKnownFileType = sourcecode.swift; path = TabBarView.swift; sourceTree = "<group>"; };
		0BFE3C132B8BD7DD00689AA0 /* ActivityTabView.swift */ = {isa = PBXFileReference; lastKnownFileType = sourcecode.swift; path = ActivityTabView.swift; sourceTree = "<group>"; };
		0BFE3C152B8BDECA00689AA0 /* ActivityViewModel.swift */ = {isa = PBXFileReference; lastKnownFileType = sourcecode.swift; path = ActivityViewModel.swift; sourceTree = "<group>"; };
		C503B6C92BBEE9A10069C6C6 /* LogWorkoutFormView.swift */ = {isa = PBXFileReference; lastKnownFileType = sourcecode.swift; path = LogWorkoutFormView.swift; sourceTree = "<group>"; };
		C503B6CB2BBEF59E0069C6C6 /* FormRoundedRectangleView.swift */ = {isa = PBXFileReference; lastKnownFileType = sourcecode.swift; path = FormRoundedRectangleView.swift; sourceTree = "<group>"; };
		C507850B2B90DB5F00555C57 /* Protocol.swift */ = {isa = PBXFileReference; lastKnownFileType = sourcecode.swift; path = Protocol.swift; sourceTree = "<group>"; };
		C507850F2B90E61400555C57 /* FirebaseAuthService.swift */ = {isa = PBXFileReference; lastKnownFileType = sourcecode.swift; path = FirebaseAuthService.swift; sourceTree = "<group>"; };
		C50785112B90F58400555C57 /* RegisterTests.swift */ = {isa = PBXFileReference; lastKnownFileType = sourcecode.swift; path = RegisterTests.swift; sourceTree = "<group>"; };
		C50CA40C2B795FFB00AEACCA /* AuthHeaderView.swift */ = {isa = PBXFileReference; lastKnownFileType = sourcecode.swift; path = AuthHeaderView.swift; sourceTree = "<group>"; };
		C50F11172B7AFEC80025FB0E /* AuthViewModel.swift */ = {isa = PBXFileReference; lastKnownFileType = sourcecode.swift; path = AuthViewModel.swift; sourceTree = "<group>"; };
		C526F8842BBDC0A4008E1606 /* SplitsFormView.swift */ = {isa = PBXFileReference; lastKnownFileType = sourcecode.swift; path = SplitsFormView.swift; sourceTree = "<group>"; };
		C526F8862BBDC368008E1606 /* FormTemplateView.swift */ = {isa = PBXFileReference; lastKnownFileType = sourcecode.swift; path = FormTemplateView.swift; sourceTree = "<group>"; };
		C527F1BE2B89235A00D0934F /* WorkoutLogView.swift */ = {isa = PBXFileReference; lastKnownFileType = sourcecode.swift; path = WorkoutLogView.swift; sourceTree = "<group>"; };
		C527F1C02B89247B00D0934F /* WorkoutLogViewModel.swift */ = {isa = PBXFileReference; lastKnownFileType = sourcecode.swift; path = WorkoutLogViewModel.swift; sourceTree = "<group>"; };
		C528A23B2B76B9E900346B27 /* User.swift */ = {isa = PBXFileReference; lastKnownFileType = sourcecode.swift; path = User.swift; sourceTree = "<group>"; };
		C5304A142B83BE3B00DA755E /* GoogleService-Info.plist */ = {isa = PBXFileReference; fileEncoding = 4; lastKnownFileType = text.plist.xml; name = "GoogleService-Info.plist"; path = "Other/GoogleService-Info.plist"; sourceTree = "<group>"; };
		C531534C2BB1C73000604987 /* WorkoutViewManagerViewModel.swift */ = {isa = PBXFileReference; lastKnownFileType = sourcecode.swift; path = WorkoutViewManagerViewModel.swift; sourceTree = "<group>"; };
		C531FD382B8BD7C3005CE16C /* Workout.swift */ = {isa = PBXFileReference; lastKnownFileType = sourcecode.swift; path = Workout.swift; sourceTree = "<group>"; };
		C531FD3A2B8BFCC0005CE16C /* WorkoutGroupButtonView.swift */ = {isa = PBXFileReference; lastKnownFileType = sourcecode.swift; path = WorkoutGroupButtonView.swift; sourceTree = "<group>"; };
		C5329ACB2B96731F00D8ED3D /* Errors.swift */ = {isa = PBXFileReference; lastKnownFileType = sourcecode.swift; path = Errors.swift; sourceTree = "<group>"; };
		C532A8212BAF8C3A00E672B4 /* ExcerciseLogView.swift */ = {isa = PBXFileReference; lastKnownFileType = sourcecode.swift; path = ExcerciseLogView.swift; sourceTree = "<group>"; };
		C532A8232BAF8F0100E672B4 /* ExcerciseLogViewModel.swift */ = {isa = PBXFileReference; lastKnownFileType = sourcecode.swift; path = ExcerciseLogViewModel.swift; sourceTree = "<group>"; };
		C532A8252BAF99BF00E672B4 /* ExcerciseButtonView.swift */ = {isa = PBXFileReference; lastKnownFileType = sourcecode.swift; path = ExcerciseButtonView.swift; sourceTree = "<group>"; };
		C532B4132BC7071000D69525 /* Util.swift */ = {isa = PBXFileReference; lastKnownFileType = sourcecode.swift; path = Util.swift; sourceTree = "<group>"; };
		C532B4152BC70AA000D69525 /* CalendarView.swift */ = {isa = PBXFileReference; lastKnownFileType = sourcecode.swift; path = CalendarView.swift; sourceTree = "<group>"; };
		C532B4182BC70ABB00D69525 /* CalendarHeaderView.swift */ = {isa = PBXFileReference; lastKnownFileType = sourcecode.swift; path = CalendarHeaderView.swift; sourceTree = "<group>"; };
		C5344EEE2BB30A3A00DF4936 /* DeleteConfirmationView.swift */ = {isa = PBXFileReference; lastKnownFileType = sourcecode.swift; path = DeleteConfirmationView.swift; sourceTree = "<group>"; };
		C536A1EA2B7D0D8C00079DCC /* RegisterView.swift */ = {isa = PBXFileReference; lastKnownFileType = sourcecode.swift; path = RegisterView.swift; sourceTree = "<group>"; };
		C536A1EC2B7D0E9F00079DCC /* RegisterViewModel.swift */ = {isa = PBXFileReference; lastKnownFileType = sourcecode.swift; path = RegisterViewModel.swift; sourceTree = "<group>"; };
		C536A1F32B7D13D900079DCC /* AuthTextFieldView.swift */ = {isa = PBXFileReference; lastKnownFileType = sourcecode.swift; path = AuthTextFieldView.swift; sourceTree = "<group>"; };
		C536A1F52B7D13E800079DCC /* AuthPasswordView.swift */ = {isa = PBXFileReference; lastKnownFileType = sourcecode.swift; path = AuthPasswordView.swift; sourceTree = "<group>"; };
		C536A1F72B7D235B00079DCC /* AuthButtonView.swift */ = {isa = PBXFileReference; lastKnownFileType = sourcecode.swift; path = AuthButtonView.swift; sourceTree = "<group>"; };
		C536A1FC2B7D2C4600079DCC /* Extensions.swift */ = {isa = PBXFileReference; lastKnownFileType = sourcecode.swift; path = Extensions.swift; sourceTree = "<group>"; };
		C538E5122B8FE5400035FC15 /* LoginTests.swift */ = {isa = PBXFileReference; lastKnownFileType = sourcecode.swift; path = LoginTests.swift; sourceTree = "<group>"; };
		C538E5162B8FF3470035FC15 /* Helper.swift */ = {isa = PBXFileReference; lastKnownFileType = sourcecode.swift; path = Helper.swift; sourceTree = "<group>"; };
		C53935E62BA9D63D003228F9 /* SetsLogViewModel.swift */ = {isa = PBXFileReference; lastKnownFileType = sourcecode.swift; path = SetsLogViewModel.swift; sourceTree = "<group>"; };
		C53935EA2BA9F3E4003228F9 /* SetButtonView.swift */ = {isa = PBXFileReference; lastKnownFileType = sourcecode.swift; path = SetButtonView.swift; sourceTree = "<group>"; };
		C53A75C02B9BE149008338B6 /* SetsLogView.swift */ = {isa = PBXFileReference; lastKnownFileType = sourcecode.swift; path = SetsLogView.swift; sourceTree = "<group>"; };
		C53E53872BD164B500A7FE83 /* AuthSmartReqE2ETest.swift */ = {isa = PBXFileReference; lastKnownFileType = sourcecode.swift; path = AuthSmartReqE2ETest.swift; sourceTree = "<group>"; };
		C53F5E722BBE3432007F4632 /* AddSplitView.swift */ = {isa = PBXFileReference; lastKnownFileType = sourcecode.swift; path = AddSplitView.swift; sourceTree = "<group>"; };
		C54A04472B9789A3000ADCAD /* WorkoutHeaderView.swift */ = {isa = PBXFileReference; lastKnownFileType = sourcecode.swift; path = WorkoutHeaderView.swift; sourceTree = "<group>"; };
		C54CFB142B96318800DBC93B /* FirebaseFirestoreService.swift */ = {isa = PBXFileReference; lastKnownFileType = sourcecode.swift; path = FirebaseFirestoreService.swift; sourceTree = "<group>"; };
		C54F8D8D2BB07EB300F3DF15 /* WorkoutViewManagerView.swift */ = {isa = PBXFileReference; lastKnownFileType = sourcecode.swift; path = WorkoutViewManagerView.swift; sourceTree = "<group>"; };
		C550D8BA2BAA4B99004AB0C9 /* AddSetView.swift */ = {isa = PBXFileReference; lastKnownFileType = sourcecode.swift; path = AddSetView.swift; sourceTree = "<group>"; };
		C5766A092B741B1800F898EA /* LoginViewModel.swift */ = {isa = PBXFileReference; lastKnownFileType = sourcecode.swift; path = LoginViewModel.swift; sourceTree = "<group>"; };
		C5766A0D2B741EF400F898EA /* LoginView.swift */ = {isa = PBXFileReference; lastKnownFileType = sourcecode.swift; path = LoginView.swift; sourceTree = "<group>"; };
		C5C5611D2B87D83100DBD76D /* GoogleService-Info.plist */ = {isa = PBXFileReference; fileEncoding = 4; lastKnownFileType = text.plist.xml; path = "GoogleService-Info.plist"; sourceTree = "<group>"; };
		C5F38B2A2B8952D80033B5C6 /* AddWorkoutView.swift */ = {isa = PBXFileReference; lastKnownFileType = sourcecode.swift; path = AddWorkoutView.swift; sourceTree = "<group>"; };
		C5F64D112B84323300A0454D /* ci_pre_xcodebuild.sh */ = {isa = PBXFileReference; fileEncoding = 4; lastKnownFileType = text.script.sh; path = ci_pre_xcodebuild.sh; sourceTree = "<group>"; };
		C8A5414D2B882056005AC444 /* GoalsView.swift */ = {isa = PBXFileReference; lastKnownFileType = sourcecode.swift; path = GoalsView.swift; sourceTree = "<group>"; };
/* End PBXFileReference section */

/* Begin PBXFrameworksBuildPhase section */
		0B6E8B082B6A9D0600455CB3 /* Frameworks */ = {
			isa = PBXFrameworksBuildPhase;
			buildActionMask = 2147483647;
			files = (
				C532B4122BC7069F00D69525 /* WeeklyCalendar in Frameworks */,
				C528A2342B76B75B00346B27 /* FirebaseAuth in Frameworks */,
				C528A2362B76B75B00346B27 /* FirebaseFirestore in Frameworks */,
			);
			runOnlyForDeploymentPostprocessing = 0;
		};
		0B6E8B182B6A9D0800455CB3 /* Frameworks */ = {
			isa = PBXFrameworksBuildPhase;
			buildActionMask = 2147483647;
			files = (
			);
			runOnlyForDeploymentPostprocessing = 0;
		};
		0B6E8B222B6A9D0800455CB3 /* Frameworks */ = {
			isa = PBXFrameworksBuildPhase;
			buildActionMask = 2147483647;
			files = (
			);
			runOnlyForDeploymentPostprocessing = 0;
		};
/* End PBXFrameworksBuildPhase section */

/* Begin PBXGroup section */
		0B6E8B022B6A9D0600455CB3 = {
			isa = PBXGroup;
			children = (
				C5F64D102B84323300A0454D /* ci_scripts */,
				0B6E8B0D2B6A9D0600455CB3 /* Sweat Social */,
				0B6E8B1E2B6A9D0800455CB3 /* Sweat SocialTests */,
				0B6E8B282B6A9D0800455CB3 /* Sweat SocialUITests */,
				0B6E8B0C2B6A9D0600455CB3 /* Products */,
				C52C0E0A2B8525CB0070D707 /* Recovered References */,
			);
			sourceTree = "<group>";
		};
		0B6E8B0C2B6A9D0600455CB3 /* Products */ = {
			isa = PBXGroup;
			children = (
				0B6E8B0B2B6A9D0600455CB3 /* Sweat Social.app */,
				0B6E8B1B2B6A9D0800455CB3 /* Sweat SocialTests.xctest */,
				0B6E8B252B6A9D0800455CB3 /* Sweat SocialUITests.xctest */,
			);
			name = Products;
			sourceTree = "<group>";
		};
		0B6E8B0D2B6A9D0600455CB3 /* Sweat Social */ = {
			isa = PBXGroup;
			children = (
				C507850A2B90DB3E00555C57 /* FirebaseAPI */,
				C536A1FB2B7D2C2500079DCC /* Other */,
				0B7D28302B6AAF6400066E36 /* Sweat-Social-Info.plist */,
				C5766A032B7418A400F898EA /* Views */,
				C5766A042B7418AE00F898EA /* ViewModels */,
				C5766A062B7418E100F898EA /* App */,
				C5766A052B7418C100F898EA /* Models */,
				0B6E8B122B6A9D0800455CB3 /* Assets.xcassets */,
				0B6E8B142B6A9D0800455CB3 /* Preview Content */,
				0BE9245E2B7D828F006F65F4 /* References */,
			);
			path = "Sweat Social";
			sourceTree = "<group>";
		};
		0B6E8B142B6A9D0800455CB3 /* Preview Content */ = {
			isa = PBXGroup;
			children = (
				0B6E8B152B6A9D0800455CB3 /* Preview Assets.xcassets */,
			);
			path = "Preview Content";
			sourceTree = "<group>";
		};
		0B6E8B1E2B6A9D0800455CB3 /* Sweat SocialTests */ = {
			isa = PBXGroup;
			children = (
				0B6E8B1F2B6A9D0800455CB3 /* Sweat_SocialTests.swift */,
				C538E5122B8FE5400035FC15 /* LoginTests.swift */,
				C53E53872BD164B500A7FE83 /* AuthSmartReqE2ETest.swift */,
				C538E5162B8FF3470035FC15 /* Helper.swift */,
				C50785112B90F58400555C57 /* RegisterTests.swift */,
			);
			path = "Sweat SocialTests";
			sourceTree = "<group>";
		};
		0B6E8B282B6A9D0800455CB3 /* Sweat SocialUITests */ = {
			isa = PBXGroup;
			children = (
				0B6E8B292B6A9D0800455CB3 /* Sweat_SocialUITests.swift */,
				0B6E8B2B2B6A9D0800455CB3 /* Sweat_SocialUITestsLaunchTests.swift */,
			);
			path = "Sweat SocialUITests";
			sourceTree = "<group>";
		};
		C507850A2B90DB3E00555C57 /* FirebaseAPI */ = {
			isa = PBXGroup;
			children = (
				C507850B2B90DB5F00555C57 /* Protocol.swift */,
				C507850F2B90E61400555C57 /* FirebaseAuthService.swift */,
				C54CFB142B96318800DBC93B /* FirebaseFirestoreService.swift */,
			);
			path = FirebaseAPI;
			sourceTree = "<group>";
		};
		C52C0E0A2B8525CB0070D707 /* Recovered References */ = {
			isa = PBXGroup;
			children = (
				C5304A142B83BE3B00DA755E /* GoogleService-Info.plist */,
			);
			name = "Recovered References";
			sourceTree = "<group>";
		};
		C531FD3C2B8C00C6005CE16C /* WorkoutHelperViews */ = {
			isa = PBXGroup;
			children = (
				C531FD3A2B8BFCC0005CE16C /* WorkoutGroupButtonView.swift */,
				C5F38B2A2B8952D80033B5C6 /* AddWorkoutView.swift */,
				C54A04472B9789A3000ADCAD /* WorkoutHeaderView.swift */,
				C53935EA2BA9F3E4003228F9 /* SetButtonView.swift */,
				C550D8BA2BAA4B99004AB0C9 /* AddSetView.swift */,
				C532A8252BAF99BF00E672B4 /* ExcerciseButtonView.swift */,
				C5344EEE2BB30A3A00DF4936 /* DeleteConfirmationView.swift */,
				C526F8842BBDC0A4008E1606 /* SplitsFormView.swift */,
				C526F8862BBDC368008E1606 /* FormTemplateView.swift */,
				C53F5E722BBE3432007F4632 /* AddSplitView.swift */,
				C503B6CB2BBEF59E0069C6C6 /* FormRoundedRectangleView.swift */,
				C503B6C92BBEE9A10069C6C6 /* LogWorkoutFormView.swift */,
			);
			path = WorkoutHelperViews;
			sourceTree = "<group>";
		};
		C532B4172BC70AA700D69525 /* CalendarHelperViews */ = {
			isa = PBXGroup;
			children = (
				C532B4182BC70ABB00D69525 /* CalendarHeaderView.swift */,
			);
			path = CalendarHelperViews;
			sourceTree = "<group>";
		};
		C536A1F02B7D128200079DCC /* AuthHelperViews */ = {
			isa = PBXGroup;
			children = (
				C50CA40C2B795FFB00AEACCA /* AuthHeaderView.swift */,
				C536A1F32B7D13D900079DCC /* AuthTextFieldView.swift */,
				C536A1F52B7D13E800079DCC /* AuthPasswordView.swift */,
				C536A1F72B7D235B00079DCC /* AuthButtonView.swift */,
			);
			path = AuthHelperViews;
			sourceTree = "<group>";
		};
		C536A1FB2B7D2C2500079DCC /* Other */ = {
			isa = PBXGroup;
			children = (
				C5C5611D2B87D83100DBD76D /* GoogleService-Info.plist */,
				C536A1FC2B7D2C4600079DCC /* Extensions.swift */,
				C532B4132BC7071000D69525 /* Util.swift */,
			);
			path = Other;
			sourceTree = "<group>";
		};
		C5766A032B7418A400F898EA /* Views */ = {
			isa = PBXGroup;
			children = (
				C532B4172BC70AA700D69525 /* CalendarHelperViews */,
				C531FD3C2B8C00C6005CE16C /* WorkoutHelperViews */,
				C536A1F02B7D128200079DCC /* AuthHelperViews */,
				0B6E8B102B6A9D0600455CB3 /* ContentView.swift */,
				C54F8D8D2BB07EB300F3DF15 /* WorkoutViewManagerView.swift */,
				C532A8212BAF8C3A00E672B4 /* ExcerciseLogView.swift */,
				0BFE3C132B8BD7DD00689AA0 /* ActivityTabView.swift */,
				C8A5414D2B882056005AC444 /* GoalsView.swift */,
				0BE924602B7D8A23006F65F4 /* TabBarView.swift */,
				C5766A0D2B741EF400F898EA /* LoginView.swift */,
				C536A1EA2B7D0D8C00079DCC /* RegisterView.swift */,
				C527F1BE2B89235A00D0934F /* WorkoutLogView.swift */,
				C53A75C02B9BE149008338B6 /* SetsLogView.swift */,
				C532B4152BC70AA000D69525 /* CalendarView.swift */,
			);
			path = Views;
			sourceTree = "<group>";
		};
		C5766A042B7418AE00F898EA /* ViewModels */ = {
			isa = PBXGroup;
			children = (
				C5766A092B741B1800F898EA /* LoginViewModel.swift */,
				C50F11172B7AFEC80025FB0E /* AuthViewModel.swift */,
				C531534C2BB1C73000604987 /* WorkoutViewManagerViewModel.swift */,
				C536A1EC2B7D0E9F00079DCC /* RegisterViewModel.swift */,
				0BFE3C152B8BDECA00689AA0 /* ActivityViewModel.swift */,
				C527F1C02B89247B00D0934F /* WorkoutLogViewModel.swift */,
				C53935E62BA9D63D003228F9 /* SetsLogViewModel.swift */,
				C532A8232BAF8F0100E672B4 /* ExcerciseLogViewModel.swift */,
			);
			path = ViewModels;
			sourceTree = "<group>";
		};
		C5766A052B7418C100F898EA /* Models */ = {
			isa = PBXGroup;
			children = (
				C528A23B2B76B9E900346B27 /* User.swift */,
				C531FD382B8BD7C3005CE16C /* Workout.swift */,
				C5329ACB2B96731F00D8ED3D /* Errors.swift */,
			);
			path = Models;
			sourceTree = "<group>";
		};
		C5766A062B7418E100F898EA /* App */ = {
			isa = PBXGroup;
			children = (
				0B6E8B0E2B6A9D0600455CB3 /* Sweat_SocialApp.swift */,
			);
			path = App;
			sourceTree = "<group>";
		};
		C5F64D102B84323300A0454D /* ci_scripts */ = {
			isa = PBXGroup;
			children = (
				C5F64D112B84323300A0454D /* ci_pre_xcodebuild.sh */,
			);
			path = ci_scripts;
			sourceTree = "<group>";
		};
/* End PBXGroup section */

/* Begin PBXNativeTarget section */
		0B6E8B0A2B6A9D0600455CB3 /* Sweat Social */ = {
			isa = PBXNativeTarget;
			buildConfigurationList = 0B6E8B2F2B6A9D0800455CB3 /* Build configuration list for PBXNativeTarget "Sweat Social" */;
			buildPhases = (
				0B6E8B072B6A9D0600455CB3 /* Sources */,
				0B6E8B082B6A9D0600455CB3 /* Frameworks */,
				0B6E8B092B6A9D0600455CB3 /* Resources */,
			);
			buildRules = (
			);
			dependencies = (
			);
			name = "Sweat Social";
			packageProductDependencies = (
				C528A2332B76B75B00346B27 /* FirebaseAuth */,
				C528A2352B76B75B00346B27 /* FirebaseFirestore */,
				C532B4112BC7069F00D69525 /* WeeklyCalendar */,
			);
			productName = "Sweat Social";
			productReference = 0B6E8B0B2B6A9D0600455CB3 /* Sweat Social.app */;
			productType = "com.apple.product-type.application";
		};
		0B6E8B1A2B6A9D0800455CB3 /* Sweat SocialTests */ = {
			isa = PBXNativeTarget;
			buildConfigurationList = 0B6E8B322B6A9D0800455CB3 /* Build configuration list for PBXNativeTarget "Sweat SocialTests" */;
			buildPhases = (
				0B6E8B172B6A9D0800455CB3 /* Sources */,
				0B6E8B182B6A9D0800455CB3 /* Frameworks */,
				0B6E8B192B6A9D0800455CB3 /* Resources */,
			);
			buildRules = (
			);
			dependencies = (
				0B6E8B1D2B6A9D0800455CB3 /* PBXTargetDependency */,
			);
			name = "Sweat SocialTests";
			productName = "Sweat SocialTests";
			productReference = 0B6E8B1B2B6A9D0800455CB3 /* Sweat SocialTests.xctest */;
			productType = "com.apple.product-type.bundle.unit-test";
		};
		0B6E8B242B6A9D0800455CB3 /* Sweat SocialUITests */ = {
			isa = PBXNativeTarget;
			buildConfigurationList = 0B6E8B352B6A9D0800455CB3 /* Build configuration list for PBXNativeTarget "Sweat SocialUITests" */;
			buildPhases = (
				0B6E8B212B6A9D0800455CB3 /* Sources */,
				0B6E8B222B6A9D0800455CB3 /* Frameworks */,
				0B6E8B232B6A9D0800455CB3 /* Resources */,
			);
			buildRules = (
			);
			dependencies = (
				0B6E8B272B6A9D0800455CB3 /* PBXTargetDependency */,
			);
			name = "Sweat SocialUITests";
			productName = "Sweat SocialUITests";
			productReference = 0B6E8B252B6A9D0800455CB3 /* Sweat SocialUITests.xctest */;
			productType = "com.apple.product-type.bundle.ui-testing";
		};
/* End PBXNativeTarget section */

/* Begin PBXProject section */
		0B6E8B032B6A9D0600455CB3 /* Project object */ = {
			isa = PBXProject;
			attributes = {
				BuildIndependentTargetsInParallel = 1;
				LastSwiftUpdateCheck = 1520;
				LastUpgradeCheck = 1520;
				TargetAttributes = {
					0B6E8B0A2B6A9D0600455CB3 = {
						CreatedOnToolsVersion = 15.2;
					};
					0B6E8B1A2B6A9D0800455CB3 = {
						CreatedOnToolsVersion = 15.2;
						TestTargetID = 0B6E8B0A2B6A9D0600455CB3;
					};
					0B6E8B242B6A9D0800455CB3 = {
						CreatedOnToolsVersion = 15.2;
						TestTargetID = 0B6E8B0A2B6A9D0600455CB3;
					};
				};
			};
			buildConfigurationList = 0B6E8B062B6A9D0600455CB3 /* Build configuration list for PBXProject "Sweat Social" */;
			compatibilityVersion = "Xcode 14.0";
			developmentRegion = en;
			hasScannedForEncodings = 0;
			knownRegions = (
				en,
				Base,
			);
			mainGroup = 0B6E8B022B6A9D0600455CB3;
			packageReferences = (
				C528A2322B76B75B00346B27 /* XCRemoteSwiftPackageReference "firebase-ios-sdk" */,
				C532B4102BC7069F00D69525 /* XCRemoteSwiftPackageReference "WeeklyCalendar" */,
			);
			productRefGroup = 0B6E8B0C2B6A9D0600455CB3 /* Products */;
			projectDirPath = "";
			projectRoot = "";
			targets = (
				0B6E8B0A2B6A9D0600455CB3 /* Sweat Social */,
				0B6E8B1A2B6A9D0800455CB3 /* Sweat SocialTests */,
				0B6E8B242B6A9D0800455CB3 /* Sweat SocialUITests */,
			);
		};
/* End PBXProject section */

/* Begin PBXResourcesBuildPhase section */
		0B6E8B092B6A9D0600455CB3 /* Resources */ = {
			isa = PBXResourcesBuildPhase;
			buildActionMask = 2147483647;
			files = (
				0B6E8B162B6A9D0800455CB3 /* Preview Assets.xcassets in Resources */,
				C5C5611E2B87D83200DBD76D /* GoogleService-Info.plist in Resources */,
				C5F64D122B84323300A0454D /* ci_pre_xcodebuild.sh in Resources */,
				0B6E8B132B6A9D0800455CB3 /* Assets.xcassets in Resources */,
				0BE9245F2B7D828F006F65F4 /* References in Resources */,
			);
			runOnlyForDeploymentPostprocessing = 0;
		};
		0B6E8B192B6A9D0800455CB3 /* Resources */ = {
			isa = PBXResourcesBuildPhase;
			buildActionMask = 2147483647;
			files = (
			);
			runOnlyForDeploymentPostprocessing = 0;
		};
		0B6E8B232B6A9D0800455CB3 /* Resources */ = {
			isa = PBXResourcesBuildPhase;
			buildActionMask = 2147483647;
			files = (
			);
			runOnlyForDeploymentPostprocessing = 0;
		};
/* End PBXResourcesBuildPhase section */

/* Begin PBXSourcesBuildPhase section */
		0B6E8B072B6A9D0600455CB3 /* Sources */ = {
			isa = PBXSourcesBuildPhase;
			buildActionMask = 2147483647;
			files = (
				C531FD3B2B8BFCC0005CE16C /* WorkoutGroupButtonView.swift in Sources */,
				C53935EB2BA9F3E4003228F9 /* SetButtonView.swift in Sources */,
				C53935E72BA9D63D003228F9 /* SetsLogViewModel.swift in Sources */,
				C53A75C12B9BE14A008338B6 /* SetsLogView.swift in Sources */,
				C532A8262BAF99BF00E672B4 /* ExcerciseButtonView.swift in Sources */,
				C53F5E732BBE3432007F4632 /* AddSplitView.swift in Sources */,
				C532B4162BC70AA000D69525 /* CalendarView.swift in Sources */,
				C54F8D8E2BB07EB300F3DF15 /* WorkoutViewManagerView.swift in Sources */,
				C5F38B2B2B8952D80033B5C6 /* AddWorkoutView.swift in Sources */,
				C531534D2BB1C73000604987 /* WorkoutViewManagerViewModel.swift in Sources */,
				C527F1BF2B89235A00D0934F /* WorkoutLogView.swift in Sources */,
				C550D8BB2BAA4B99004AB0C9 /* AddSetView.swift in Sources */,
				0BE924612B7D8A23006F65F4 /* TabBarView.swift in Sources */,
				C507850C2B90DB5F00555C57 /* Protocol.swift in Sources */,
				C532A8222BAF8C3B00E672B4 /* ExcerciseLogView.swift in Sources */,
				C503B6CC2BBEF59E0069C6C6 /* FormRoundedRectangleView.swift in Sources */,
				C50F11182B7AFEC80025FB0E /* AuthViewModel.swift in Sources */,
				C54CFB152B96318800DBC93B /* FirebaseFirestoreService.swift in Sources */,
				0BFE3C142B8BD7DD00689AA0 /* ActivityTabView.swift in Sources */,
				C503B6CA2BBEE9A10069C6C6 /* LogWorkoutFormView.swift in Sources */,
				C528A23C2B76B9E900346B27 /* User.swift in Sources */,
				C531FD392B8BD7C3005CE16C /* Workout.swift in Sources */,
				C5766A0A2B741B1800F898EA /* LoginViewModel.swift in Sources */,
				0B6E8B112B6A9D0600455CB3 /* ContentView.swift in Sources */,
				C526F8872BBDC36B008E1606 /* FormTemplateView.swift in Sources */,
				C5766A0E2B741EF400F898EA /* LoginView.swift in Sources */,
				C526F8852BBDC0A4008E1606 /* SplitsFormView.swift in Sources */,
				C8A5414E2B882056005AC444 /* GoalsView.swift in Sources */,
				C5329ACC2B96731F00D8ED3D /* Errors.swift in Sources */,
				C536A1EB2B7D0D8C00079DCC /* RegisterView.swift in Sources */,
				C50785102B90E61500555C57 /* FirebaseAuthService.swift in Sources */,
				C50CA40D2B795FFB00AEACCA /* AuthHeaderView.swift in Sources */,
				C54A04482B9789A4000ADCAD /* WorkoutHeaderView.swift in Sources */,
				C532B4142BC7071000D69525 /* Util.swift in Sources */,
				C532A8242BAF8F0100E672B4 /* ExcerciseLogViewModel.swift in Sources */,
				C536A1F62B7D13E800079DCC /* AuthPasswordView.swift in Sources */,
				C536A1FD2B7D2C4600079DCC /* Extensions.swift in Sources */,
				0BFE3C162B8BDECA00689AA0 /* ActivityViewModel.swift in Sources */,
				C536A1F42B7D13D900079DCC /* AuthTextFieldView.swift in Sources */,
				C536A1F82B7D235B00079DCC /* AuthButtonView.swift in Sources */,
				C527F1C12B89247B00D0934F /* WorkoutLogViewModel.swift in Sources */,
				C5344EEF2BB30A3A00DF4936 /* DeleteConfirmationView.swift in Sources */,
				C536A1ED2B7D0E9F00079DCC /* RegisterViewModel.swift in Sources */,
				C532B4192BC70ABB00D69525 /* CalendarHeaderView.swift in Sources */,
				0B6E8B0F2B6A9D0600455CB3 /* Sweat_SocialApp.swift in Sources */,
			);
			runOnlyForDeploymentPostprocessing = 0;
		};
		0B6E8B172B6A9D0800455CB3 /* Sources */ = {
			isa = PBXSourcesBuildPhase;
			buildActionMask = 2147483647;
			files = (
				0B6E8B202B6A9D0800455CB3 /* Sweat_SocialTests.swift in Sources */,
				C538E5132B8FE5400035FC15 /* LoginTests.swift in Sources */,
				C50785122B90F58500555C57 /* RegisterTests.swift in Sources */,
				C538E5172B8FF3470035FC15 /* Helper.swift in Sources */,
				C53E53882BD164B500A7FE83 /* AuthSmartReqE2ETest.swift in Sources */,
			);
			runOnlyForDeploymentPostprocessing = 0;
		};
		0B6E8B212B6A9D0800455CB3 /* Sources */ = {
			isa = PBXSourcesBuildPhase;
			buildActionMask = 2147483647;
			files = (
				0B6E8B2C2B6A9D0800455CB3 /* Sweat_SocialUITestsLaunchTests.swift in Sources */,
				0B6E8B2A2B6A9D0800455CB3 /* Sweat_SocialUITests.swift in Sources */,
			);
			runOnlyForDeploymentPostprocessing = 0;
		};
/* End PBXSourcesBuildPhase section */

/* Begin PBXTargetDependency section */
		0B6E8B1D2B6A9D0800455CB3 /* PBXTargetDependency */ = {
			isa = PBXTargetDependency;
			target = 0B6E8B0A2B6A9D0600455CB3 /* Sweat Social */;
			targetProxy = 0B6E8B1C2B6A9D0800455CB3 /* PBXContainerItemProxy */;
		};
		0B6E8B272B6A9D0800455CB3 /* PBXTargetDependency */ = {
			isa = PBXTargetDependency;
			target = 0B6E8B0A2B6A9D0600455CB3 /* Sweat Social */;
			targetProxy = 0B6E8B262B6A9D0800455CB3 /* PBXContainerItemProxy */;
		};
/* End PBXTargetDependency section */

/* Begin XCBuildConfiguration section */
		0B6E8B2D2B6A9D0800455CB3 /* Debug */ = {
			isa = XCBuildConfiguration;
			buildSettings = {
				ALWAYS_SEARCH_USER_PATHS = NO;
				ASSETCATALOG_COMPILER_GENERATE_SWIFT_ASSET_SYMBOL_EXTENSIONS = YES;
				CLANG_ANALYZER_NONNULL = YES;
				CLANG_ANALYZER_NUMBER_OBJECT_CONVERSION = YES_AGGRESSIVE;
				CLANG_CXX_LANGUAGE_STANDARD = "gnu++20";
				CLANG_ENABLE_MODULES = YES;
				CLANG_ENABLE_OBJC_ARC = YES;
				CLANG_ENABLE_OBJC_WEAK = YES;
				CLANG_WARN_BLOCK_CAPTURE_AUTORELEASING = YES;
				CLANG_WARN_BOOL_CONVERSION = YES;
				CLANG_WARN_COMMA = YES;
				CLANG_WARN_CONSTANT_CONVERSION = YES;
				CLANG_WARN_DEPRECATED_OBJC_IMPLEMENTATIONS = YES;
				CLANG_WARN_DIRECT_OBJC_ISA_USAGE = YES_ERROR;
				CLANG_WARN_DOCUMENTATION_COMMENTS = YES;
				CLANG_WARN_EMPTY_BODY = YES;
				CLANG_WARN_ENUM_CONVERSION = YES;
				CLANG_WARN_INFINITE_RECURSION = YES;
				CLANG_WARN_INT_CONVERSION = YES;
				CLANG_WARN_NON_LITERAL_NULL_CONVERSION = YES;
				CLANG_WARN_OBJC_IMPLICIT_RETAIN_SELF = YES;
				CLANG_WARN_OBJC_LITERAL_CONVERSION = YES;
				CLANG_WARN_OBJC_ROOT_CLASS = YES_ERROR;
				CLANG_WARN_QUOTED_INCLUDE_IN_FRAMEWORK_HEADER = YES;
				CLANG_WARN_RANGE_LOOP_ANALYSIS = YES;
				CLANG_WARN_STRICT_PROTOTYPES = YES;
				CLANG_WARN_SUSPICIOUS_MOVE = YES;
				CLANG_WARN_UNGUARDED_AVAILABILITY = YES_AGGRESSIVE;
				CLANG_WARN_UNREACHABLE_CODE = YES;
				CLANG_WARN__DUPLICATE_METHOD_MATCH = YES;
				COPY_PHASE_STRIP = NO;
				DEBUG_INFORMATION_FORMAT = dwarf;
				ENABLE_STRICT_OBJC_MSGSEND = YES;
				ENABLE_TESTABILITY = YES;
				ENABLE_USER_SCRIPT_SANDBOXING = YES;
				GCC_C_LANGUAGE_STANDARD = gnu17;
				GCC_DYNAMIC_NO_PIC = NO;
				GCC_NO_COMMON_BLOCKS = YES;
				GCC_OPTIMIZATION_LEVEL = 0;
				GCC_PREPROCESSOR_DEFINITIONS = (
					"DEBUG=1",
					"$(inherited)",
				);
				GCC_WARN_64_TO_32_BIT_CONVERSION = YES;
				GCC_WARN_ABOUT_RETURN_TYPE = YES_ERROR;
				GCC_WARN_UNDECLARED_SELECTOR = YES;
				GCC_WARN_UNINITIALIZED_AUTOS = YES_AGGRESSIVE;
				GCC_WARN_UNUSED_FUNCTION = YES;
				GCC_WARN_UNUSED_VARIABLE = YES;
				IPHONEOS_DEPLOYMENT_TARGET = 16.0;
				LOCALIZATION_PREFERS_STRING_CATALOGS = YES;
				MTL_ENABLE_DEBUG_INFO = INCLUDE_SOURCE;
				MTL_FAST_MATH = YES;
				ONLY_ACTIVE_ARCH = YES;
				SDKROOT = iphoneos;
				SWIFT_ACTIVE_COMPILATION_CONDITIONS = "DEBUG $(inherited)";
				SWIFT_OPTIMIZATION_LEVEL = "-Onone";
			};
			name = Debug;
		};
		0B6E8B2E2B6A9D0800455CB3 /* Release */ = {
			isa = XCBuildConfiguration;
			buildSettings = {
				ALWAYS_SEARCH_USER_PATHS = NO;
				ASSETCATALOG_COMPILER_GENERATE_SWIFT_ASSET_SYMBOL_EXTENSIONS = YES;
				CLANG_ANALYZER_NONNULL = YES;
				CLANG_ANALYZER_NUMBER_OBJECT_CONVERSION = YES_AGGRESSIVE;
				CLANG_CXX_LANGUAGE_STANDARD = "gnu++20";
				CLANG_ENABLE_MODULES = YES;
				CLANG_ENABLE_OBJC_ARC = YES;
				CLANG_ENABLE_OBJC_WEAK = YES;
				CLANG_WARN_BLOCK_CAPTURE_AUTORELEASING = YES;
				CLANG_WARN_BOOL_CONVERSION = YES;
				CLANG_WARN_COMMA = YES;
				CLANG_WARN_CONSTANT_CONVERSION = YES;
				CLANG_WARN_DEPRECATED_OBJC_IMPLEMENTATIONS = YES;
				CLANG_WARN_DIRECT_OBJC_ISA_USAGE = YES_ERROR;
				CLANG_WARN_DOCUMENTATION_COMMENTS = YES;
				CLANG_WARN_EMPTY_BODY = YES;
				CLANG_WARN_ENUM_CONVERSION = YES;
				CLANG_WARN_INFINITE_RECURSION = YES;
				CLANG_WARN_INT_CONVERSION = YES;
				CLANG_WARN_NON_LITERAL_NULL_CONVERSION = YES;
				CLANG_WARN_OBJC_IMPLICIT_RETAIN_SELF = YES;
				CLANG_WARN_OBJC_LITERAL_CONVERSION = YES;
				CLANG_WARN_OBJC_ROOT_CLASS = YES_ERROR;
				CLANG_WARN_QUOTED_INCLUDE_IN_FRAMEWORK_HEADER = YES;
				CLANG_WARN_RANGE_LOOP_ANALYSIS = YES;
				CLANG_WARN_STRICT_PROTOTYPES = YES;
				CLANG_WARN_SUSPICIOUS_MOVE = YES;
				CLANG_WARN_UNGUARDED_AVAILABILITY = YES_AGGRESSIVE;
				CLANG_WARN_UNREACHABLE_CODE = YES;
				CLANG_WARN__DUPLICATE_METHOD_MATCH = YES;
				COPY_PHASE_STRIP = NO;
				DEBUG_INFORMATION_FORMAT = "dwarf-with-dsym";
				ENABLE_NS_ASSERTIONS = NO;
				ENABLE_STRICT_OBJC_MSGSEND = YES;
				ENABLE_USER_SCRIPT_SANDBOXING = YES;
				GCC_C_LANGUAGE_STANDARD = gnu17;
				GCC_NO_COMMON_BLOCKS = YES;
				GCC_WARN_64_TO_32_BIT_CONVERSION = YES;
				GCC_WARN_ABOUT_RETURN_TYPE = YES_ERROR;
				GCC_WARN_UNDECLARED_SELECTOR = YES;
				GCC_WARN_UNINITIALIZED_AUTOS = YES_AGGRESSIVE;
				GCC_WARN_UNUSED_FUNCTION = YES;
				GCC_WARN_UNUSED_VARIABLE = YES;
				IPHONEOS_DEPLOYMENT_TARGET = 16.0;
				LOCALIZATION_PREFERS_STRING_CATALOGS = YES;
				MTL_ENABLE_DEBUG_INFO = NO;
				MTL_FAST_MATH = YES;
				SDKROOT = iphoneos;
				SWIFT_COMPILATION_MODE = wholemodule;
				VALIDATE_PRODUCT = YES;
			};
			name = Release;
		};
		0B6E8B302B6A9D0800455CB3 /* Debug */ = {
			isa = XCBuildConfiguration;
			buildSettings = {
				ASSETCATALOG_COMPILER_APPICON_NAME = AppIcon;
				ASSETCATALOG_COMPILER_GLOBAL_ACCENT_COLOR_NAME = AccentColor;
				ASSETCATALOG_COMPILER_INCLUDE_ALL_APPICON_ASSETS = YES;
				CODE_SIGN_STYLE = Automatic;
				CURRENT_PROJECT_VERSION = 1;
				DEVELOPMENT_ASSET_PATHS = "\"Sweat Social/Preview Content\"";
				DEVELOPMENT_TEAM = 6C6Q6AQ2V8;
				ENABLE_PREVIEWS = YES;
				GENERATE_INFOPLIST_FILE = YES;
				INFOPLIST_FILE = "Sweat-Social-Info.plist";
				INFOPLIST_KEY_UIApplicationSceneManifest_Generation = YES;
				INFOPLIST_KEY_UIApplicationSupportsIndirectInputEvents = YES;
				INFOPLIST_KEY_UILaunchScreen_Generation = YES;
				INFOPLIST_KEY_UISupportedInterfaceOrientations = "UIInterfaceOrientationLandscapeLeft UIInterfaceOrientationLandscapeRight UIInterfaceOrientationPortrait";
				INFOPLIST_KEY_UISupportedInterfaceOrientations_iPad = "UIInterfaceOrientationLandscapeLeft UIInterfaceOrientationLandscapeRight UIInterfaceOrientationPortrait UIInterfaceOrientationPortraitUpsideDown";
				IPHONEOS_DEPLOYMENT_TARGET = 16.0;
				LD_RUNPATH_SEARCH_PATHS = (
					"$(inherited)",
					"@executable_path/Frameworks",
				);
				MARKETING_VERSION = 1.0;
				PRODUCT_BUNDLE_IDENTIFIER = "ece49595.Sweat-Social";
				PRODUCT_NAME = "$(TARGET_NAME)";
				SUPPORTED_PLATFORMS = "iphoneos iphonesimulator";
				SUPPORTS_MACCATALYST = NO;
				SWIFT_EMIT_LOC_STRINGS = YES;
				SWIFT_VERSION = 5.0;
				TARGETED_DEVICE_FAMILY = 1;
			};
			name = Debug;
		};
		0B6E8B312B6A9D0800455CB3 /* Release */ = {
			isa = XCBuildConfiguration;
			buildSettings = {
				ASSETCATALOG_COMPILER_APPICON_NAME = AppIcon;
				ASSETCATALOG_COMPILER_GLOBAL_ACCENT_COLOR_NAME = AccentColor;
				ASSETCATALOG_COMPILER_INCLUDE_ALL_APPICON_ASSETS = YES;
				CODE_SIGN_STYLE = Automatic;
				CURRENT_PROJECT_VERSION = 1;
				DEVELOPMENT_ASSET_PATHS = "\"Sweat Social/Preview Content\"";
				DEVELOPMENT_TEAM = 6C6Q6AQ2V8;
				ENABLE_PREVIEWS = YES;
				GENERATE_INFOPLIST_FILE = YES;
				INFOPLIST_FILE = "Sweat-Social-Info.plist";
				INFOPLIST_KEY_UIApplicationSceneManifest_Generation = YES;
				INFOPLIST_KEY_UIApplicationSupportsIndirectInputEvents = YES;
				INFOPLIST_KEY_UILaunchScreen_Generation = YES;
				INFOPLIST_KEY_UISupportedInterfaceOrientations = "UIInterfaceOrientationLandscapeLeft UIInterfaceOrientationLandscapeRight UIInterfaceOrientationPortrait";
				INFOPLIST_KEY_UISupportedInterfaceOrientations_iPad = "UIInterfaceOrientationLandscapeLeft UIInterfaceOrientationLandscapeRight UIInterfaceOrientationPortrait UIInterfaceOrientationPortraitUpsideDown";
				IPHONEOS_DEPLOYMENT_TARGET = 16.0;
				LD_RUNPATH_SEARCH_PATHS = (
					"$(inherited)",
					"@executable_path/Frameworks",
				);
				MARKETING_VERSION = 1.0;
				PRODUCT_BUNDLE_IDENTIFIER = "ece49595.Sweat-Social";
				PRODUCT_NAME = "$(TARGET_NAME)";
				SUPPORTED_PLATFORMS = "iphoneos iphonesimulator";
				SUPPORTS_MACCATALYST = NO;
				SWIFT_EMIT_LOC_STRINGS = YES;
				SWIFT_VERSION = 5.0;
				TARGETED_DEVICE_FAMILY = 1;
			};
			name = Release;
		};
		0B6E8B332B6A9D0800455CB3 /* Debug */ = {
			isa = XCBuildConfiguration;
			buildSettings = {
				ALWAYS_EMBED_SWIFT_STANDARD_LIBRARIES = YES;
				BUNDLE_LOADER = "$(TEST_HOST)";
				CODE_SIGN_STYLE = Automatic;
				CURRENT_PROJECT_VERSION = 1;
				GENERATE_INFOPLIST_FILE = YES;
				IPHONEOS_DEPLOYMENT_TARGET = 16.0;
				MARKETING_VERSION = 1.0;
				PRODUCT_BUNDLE_IDENTIFIER = "ece49595.Sweat-SocialTests";
				PRODUCT_NAME = "$(TARGET_NAME)";
				SUPPORTED_PLATFORMS = "iphoneos iphonesimulator";
				SUPPORTS_MACCATALYST = NO;
				SWIFT_EMIT_LOC_STRINGS = NO;
				SWIFT_VERSION = 5.0;
				TARGETED_DEVICE_FAMILY = 1;
				TEST_HOST = "$(BUILT_PRODUCTS_DIR)/Sweat Social.app/$(BUNDLE_EXECUTABLE_FOLDER_PATH)/Sweat Social";
			};
			name = Debug;
		};
		0B6E8B342B6A9D0800455CB3 /* Release */ = {
			isa = XCBuildConfiguration;
			buildSettings = {
				ALWAYS_EMBED_SWIFT_STANDARD_LIBRARIES = YES;
				BUNDLE_LOADER = "$(TEST_HOST)";
				CODE_SIGN_STYLE = Automatic;
				CURRENT_PROJECT_VERSION = 1;
				GENERATE_INFOPLIST_FILE = YES;
				IPHONEOS_DEPLOYMENT_TARGET = 16.0;
				MARKETING_VERSION = 1.0;
				PRODUCT_BUNDLE_IDENTIFIER = "ece49595.Sweat-SocialTests";
				PRODUCT_NAME = "$(TARGET_NAME)";
				SUPPORTED_PLATFORMS = "iphoneos iphonesimulator";
				SUPPORTS_MACCATALYST = NO;
				SWIFT_EMIT_LOC_STRINGS = NO;
				SWIFT_VERSION = 5.0;
				TARGETED_DEVICE_FAMILY = 1;
				TEST_HOST = "$(BUILT_PRODUCTS_DIR)/Sweat Social.app/$(BUNDLE_EXECUTABLE_FOLDER_PATH)/Sweat Social";
			};
			name = Release;
		};
		0B6E8B362B6A9D0800455CB3 /* Debug */ = {
			isa = XCBuildConfiguration;
			buildSettings = {
				ALWAYS_EMBED_SWIFT_STANDARD_LIBRARIES = YES;
				CODE_SIGN_STYLE = Automatic;
				CURRENT_PROJECT_VERSION = 1;
				GENERATE_INFOPLIST_FILE = YES;
				IPHONEOS_DEPLOYMENT_TARGET = 16.0;
				MARKETING_VERSION = 1.0;
				PRODUCT_BUNDLE_IDENTIFIER = "ece49595.Sweat-SocialUITests";
				PRODUCT_NAME = "$(TARGET_NAME)";
				SUPPORTED_PLATFORMS = "iphoneos iphonesimulator";
				SUPPORTS_MACCATALYST = NO;
				SWIFT_EMIT_LOC_STRINGS = NO;
				SWIFT_VERSION = 5.0;
				TARGETED_DEVICE_FAMILY = 1;
				TEST_TARGET_NAME = "Sweat Social";
			};
			name = Debug;
		};
		0B6E8B372B6A9D0800455CB3 /* Release */ = {
			isa = XCBuildConfiguration;
			buildSettings = {
				ALWAYS_EMBED_SWIFT_STANDARD_LIBRARIES = YES;
				CODE_SIGN_STYLE = Automatic;
				CURRENT_PROJECT_VERSION = 1;
				GENERATE_INFOPLIST_FILE = YES;
				IPHONEOS_DEPLOYMENT_TARGET = 16.0;
				MARKETING_VERSION = 1.0;
				PRODUCT_BUNDLE_IDENTIFIER = "ece49595.Sweat-SocialUITests";
				PRODUCT_NAME = "$(TARGET_NAME)";
				SUPPORTED_PLATFORMS = "iphoneos iphonesimulator";
				SUPPORTS_MACCATALYST = NO;
				SWIFT_EMIT_LOC_STRINGS = NO;
				SWIFT_VERSION = 5.0;
				TARGETED_DEVICE_FAMILY = 1;
				TEST_TARGET_NAME = "Sweat Social";
			};
			name = Release;
		};
/* End XCBuildConfiguration section */

/* Begin XCConfigurationList section */
		0B6E8B062B6A9D0600455CB3 /* Build configuration list for PBXProject "Sweat Social" */ = {
			isa = XCConfigurationList;
			buildConfigurations = (
				0B6E8B2D2B6A9D0800455CB3 /* Debug */,
				0B6E8B2E2B6A9D0800455CB3 /* Release */,
			);
			defaultConfigurationIsVisible = 0;
			defaultConfigurationName = Release;
		};
		0B6E8B2F2B6A9D0800455CB3 /* Build configuration list for PBXNativeTarget "Sweat Social" */ = {
			isa = XCConfigurationList;
			buildConfigurations = (
				0B6E8B302B6A9D0800455CB3 /* Debug */,
				0B6E8B312B6A9D0800455CB3 /* Release */,
			);
			defaultConfigurationIsVisible = 0;
			defaultConfigurationName = Release;
		};
		0B6E8B322B6A9D0800455CB3 /* Build configuration list for PBXNativeTarget "Sweat SocialTests" */ = {
			isa = XCConfigurationList;
			buildConfigurations = (
				0B6E8B332B6A9D0800455CB3 /* Debug */,
				0B6E8B342B6A9D0800455CB3 /* Release */,
			);
			defaultConfigurationIsVisible = 0;
			defaultConfigurationName = Release;
		};
		0B6E8B352B6A9D0800455CB3 /* Build configuration list for PBXNativeTarget "Sweat SocialUITests" */ = {
			isa = XCConfigurationList;
			buildConfigurations = (
				0B6E8B362B6A9D0800455CB3 /* Debug */,
				0B6E8B372B6A9D0800455CB3 /* Release */,
			);
			defaultConfigurationIsVisible = 0;
			defaultConfigurationName = Release;
		};
/* End XCConfigurationList section */

/* Begin XCRemoteSwiftPackageReference section */
		C528A2322B76B75B00346B27 /* XCRemoteSwiftPackageReference "firebase-ios-sdk" */ = {
			isa = XCRemoteSwiftPackageReference;
			repositoryURL = "https://github.com/firebase/firebase-ios-sdk.git";
			requirement = {
				kind = upToNextMajorVersion;
				minimumVersion = 10.21.0;
			};
		};
		C532B4102BC7069F00D69525 /* XCRemoteSwiftPackageReference "WeeklyCalendar" */ = {
			isa = XCRemoteSwiftPackageReference;
			repositoryURL = "https://github.com/mlballack/WeeklyCalendar.git";
			requirement = {
				branch = main;
				kind = branch;
			};
		};
/* End XCRemoteSwiftPackageReference section */

/* Begin XCSwiftPackageProductDependency section */
		C528A2332B76B75B00346B27 /* FirebaseAuth */ = {
			isa = XCSwiftPackageProductDependency;
			package = C528A2322B76B75B00346B27 /* XCRemoteSwiftPackageReference "firebase-ios-sdk" */;
			productName = FirebaseAuth;
		};
		C528A2352B76B75B00346B27 /* FirebaseFirestore */ = {
			isa = XCSwiftPackageProductDependency;
			package = C528A2322B76B75B00346B27 /* XCRemoteSwiftPackageReference "firebase-ios-sdk" */;
			productName = FirebaseFirestore;
		};
		C532B4112BC7069F00D69525 /* WeeklyCalendar */ = {
			isa = XCSwiftPackageProductDependency;
			package = C532B4102BC7069F00D69525 /* XCRemoteSwiftPackageReference "WeeklyCalendar" */;
			productName = WeeklyCalendar;
		};
/* End XCSwiftPackageProductDependency section */
	};
	rootObject = 0B6E8B032B6A9D0600455CB3 /* Project object */;
}
